{
  "version": 4,
  "terraform_version": "1.3.1",
  "serial": 209,
  "lineage": "e3189bc7-91d5-e1a9-6120-f109e8b839c1",
  "outputs": {},
  "resources": [
    {
      "mode": "managed",
      "type": "openstack_compute_instance_v2",
      "name": "web_server",
      "provider": "provider[\"registry.terraform.io/terraform-provider-openstack/openstack\"]",
      "instances": [
        {
          "schema_version": 0,
          "attributes": {
            "access_ip_v4": "192.168.233.10",
            "access_ip_v6": "",
            "admin_pass": null,
            "all_metadata": {
              "this": "meta"
            },
            "all_tags": [],
            "availability_zone": "nova",
            "availability_zone_hints": null,
            "block_device": [],
            "config_drive": null,
            "flavor_id": "5106bc9c-4df9-4b84-848d-7ed3f25bb5cd",
            "flavor_name": "2-cpu-4-ram",
            "floating_ip": null,
            "force_delete": false,
            "id": "04f86300-6c67-4d6c-bbe8-a6e5f422474c",
            "image_id": "2340621f-826e-416d-9269-cc8aa053baba",
            "image_name": "Ubuntu 18.04",
            "key_pair": "etrade-prod-test_keypair",
            "metadata": {
              "this": "meta"
            },
            "name": "etrade-prod-web_server",
            "network": [
              {
                "access_network": false,
                "fixed_ip_v4": "192.168.233.10",
                "fixed_ip_v6": "",
                "floating_ip": "",
                "mac": "fa:16:3e:f3:b1:51",
                "name": "etrade-prod-network_1",
                "port": "2d3716e9-2941-400c-ab66-2eddb0eb490f",
                "uuid": "f45de020-20f6-4aba-b651-42b293485e5a"
              }
            ],
            "network_mode": null,
            "personality": [],
            "power_state": "active",
            "region": "RegionOne",
            "scheduler_hints": [],
            "security_groups": [
              "etrade-prod-ssh",
              "etrade-prod-web"
            ],
            "stop_before_destroy": false,
            "tags": [],
            "timeouts": null,
            "user_data": null,
            "vendor_options": [],
            "volume": []
          },
          "sensitive_attributes": [],
          "private": "eyJlMmJmYjczMC1lY2FhLTExZTYtOGY4OC0zNDM2M2JjN2M0YzAiOnsiY3JlYXRlIjoxODAwMDAwMDAwMDAwLCJkZWxldGUiOjE4MDAwMDAwMDAwMDAsInVwZGF0ZSI6MTgwMDAwMDAwMDAwMH19",
          "dependencies": [
            "openstack_compute_keypair_v2.test_keypair",
            "openstack_compute_secgroup_v2.ssh",
            "openstack_compute_secgroup_v2.web",
            "openstack_networking_network_v2.network_1",
            "openstack_networking_port_v2.web_server_port",
            "openstack_networking_subnet_v2.subnet_1"
          ]
        }
      ]
    },
    {
      "mode": "managed",
      "type": "openstack_compute_keypair_v2",
      "name": "test_keypair",
      "provider": "provider[\"registry.terraform.io/terraform-provider-openstack/openstack\"]",
      "instances": [
        {
          "schema_version": 0,
          "attributes": {
            "fingerprint": "b5:83:80:e8:11:88:37:cb:c0:10:48:7e:57:57:5f:a5",
            "id": "etrade-prod-test_keypair",
            "name": "etrade-prod-test_keypair",
            "private_key": "-----BEGIN RSA PRIVATE KEY-----\nMIIEogIBAAKCAQEAlfM+JIws6zvLym7uxTNaYxjnDOnJNO63CLrneZBTvN3RaLRs\nwK5XFgI+FfkX9yHWqiAfKvtbYvOgX0MM/041e/FlfevbsHYLNORIZPDgC09el3F+\nBPlaNE/vjJ3jGjNEzvPUXsBoMCbB7aoCtYphR1PANUfr1iBrB5tDeMUCNeMUepHS\nHvpHTkqjsPBkdwEmqKf4oEYmXdjbeJgtuQwwT/5Bz96tSHlswDKc+QLtGIr+A/v6\n76kNwcktZ9Y9s+MERJq3+B8MI5xsHNcDKRkRSe+Kuu5kinHDcMK5oihYsQUFSR5g\nbfPU4UXlTe0fk2w5j6Vwx9FLRRwM2v75/dZFCwIDAQABAoIBACZXJJuJr+6RwoDH\nLowDnmfaNTGrEURUiT5VM9x0V8Th3qpr/6agrSm2dxN9NnB9GXs0bWO7E1nQuz/A\nUDFzWN+REIdK6EhNVn42pIASyuZ5a9FDNpqk+ziG+9Qzhp7rXvufgryba8hsEIfp\nQXoToN3w/yNgeV+tuFAglfbqQK9wNVd/RTgbqStXYGYSsG6ETIF7qcRDIC00Akou\n+WcNYBWEF63qDwFuuWS9iY97IbxuZw+l8lwi+cCchcGQEz9ZnmSQ3d7GXjJIglIW\nPiDgF72FUw1q1ybRKLgA1xLtM9EyGtKI7pJQ55EjgHWDUgLF/TzNPZY3clxPIU2P\n/iOFflECgYEAxoYrfCvQ06Kiuw1N8gwzRsiOPxZIg/1lSxKmB7+j3PYpZaWVRCtC\nOudWiiSAgECiNWK+l5Qgr9D0tHviRQo9V/yC456XOj90y+Y5tiX4TeJf43nfM/OE\nRwLwSh/2es6UsUEhOJ9Hy0vqCTxGO69jEiFIuRiATzJIEf48XlUWczMCgYEAwVz2\nev3EIRT73GUx/8I5dMkbELolaM6ohccTBBLgxNjMLfl2/71iyID0qk2hvXfEjc/V\nyxakhkdi6UypBjjrNBPq4JedClSdX40XDoq9g2I6eWVcDlP6btRuL3haIEXs0mT4\nPA+jf9AhEFjoe4P5BWl3Vvkin/Stu1RE6W1y5skCgYBBfbmSuRGm/5wXgQgZtZSk\n4Tyr6zn48PsdjQVgwQPZvQtjEQDxACRVMkQGRoxtwuTAH9coQiGWXqSbddLrW7lo\n8VBsrsDM4moxab3YLSaA6xEfBfFwPgGBO6LxkSHK2aOL5iSDfWg91MlcSpoQzocs\nT/ahuUd62OeVp/1aUU+aqQKBgHothUidhAnrOmE+R+N1E9zpHYLqO60Ht5AgA7H1\nQ7Tdz9XU5Q4e2oYahX3+Y45WWQnKIyqZ+gcmoCcN21clK+jSFP0oj3/xiybO/Zyg\nqbKUpKIEG7Cp+3mAHMc94qS1yjf+uKMqtoKSPfIYW32AHB8BTvjTnr83WXcefhSI\npauRAoGALn+lj0NDZJ65O6s2VCDuesIHebFVKo4decfb7EybtvILDdjD8yfB3A4F\nNQ6oltQn6dj7iBVaTWIpjtNOlyLxPBdB+iReD9wNkTtojqKE9WoR6nFTO3dr588f\nzSaJgXhXYemNFMCYUd5XBVtFcJqUl0LmsjVg+aDZRExAhdom20I=\n-----END RSA PRIVATE KEY-----\n",
            "public_key": "ssh-rsa AAAAB3NzaC1yc2EAAAADAQABAAABAQCV8z4kjCzrO8vKbu7FM1pjGOcM6ck07rcIuud5kFO83dFotGzArlcWAj4V+Rf3IdaqIB8q+1ti86BfQwz/TjV78WV969uwdgs05Ehk8OALT16XcX4E+Vo0T++MneMaM0TO89RewGgwJsHtqgK1imFHU8A1R+vWIGsHm0N4xQI14xR6kdIe+kdOSqOw8GR3ASaop/igRiZd2Nt4mC25DDBP/kHP3q1IeWzAMpz5Au0Yiv4D+/rvqQ3ByS1n1j2z4wREmrf4HwwjnGwc1wMpGRFJ74q67mSKccNwwrmiKFixBQVJHmBt89ThReVN7R+TbDmPpXDH0UtFHAza/vn91kUL Generated-by-Nova",
            "region": "RegionOne",
            "value_specs": null
          },
          "sensitive_attributes": [],
          "private": "bnVsbA=="
        }
      ]
    },
    {
      "mode": "managed",
      "type": "openstack_compute_secgroup_v2",
      "name": "ssh",
      "provider": "provider[\"registry.terraform.io/terraform-provider-openstack/openstack\"]",
      "instances": [
        {
          "schema_version": 0,
          "attributes": {
            "description": "ssh",
            "id": "5e4956b3-d4ed-40e3-8d91-fcd9908fbf8e",
            "name": "etrade-prod-ssh",
            "region": "RegionOne",
            "rule": [
              {
                "cidr": "0.0.0.0/0",
                "from_group_id": "",
                "from_port": 22,
                "id": "5301ff24-dba1-4068-864f-a609310103fa",
                "ip_protocol": "tcp",
                "self": false,
                "to_port": 22
              }
            ],
            "timeouts": null
          },
          "sensitive_attributes": [],
          "private": "eyJlMmJmYjczMC1lY2FhLTExZTYtOGY4OC0zNDM2M2JjN2M0YzAiOnsiZGVsZXRlIjo2MDAwMDAwMDAwMDB9fQ=="
        }
      ]
    },
    {
      "mode": "managed",
      "type": "openstack_compute_secgroup_v2",
      "name": "web",
      "provider": "provider[\"registry.terraform.io/terraform-provider-openstack/openstack\"]",
      "instances": [
        {
          "schema_version": 0,
          "attributes": {
            "description": "web",
            "id": "1a71ab43-a335-45b4-a160-a08e9607cf17",
            "name": "etrade-prod-web",
            "region": "RegionOne",
            "rule": [
              {
                "cidr": "0.0.0.0/0",
                "from_group_id": "",
                "from_port": 443,
                "id": "a898ee50-7058-4529-8065-36fd1d9e3cbc",
                "ip_protocol": "tcp",
                "self": false,
                "to_port": 443
              },
              {
                "cidr": "0.0.0.0/0",
                "from_group_id": "",
                "from_port": 80,
                "id": "2426ad0b-56ff-46d9-a07f-8a68db8e37a1",
                "ip_protocol": "tcp",
                "self": false,
                "to_port": 80
              }
            ],
            "timeouts": null
          },
          "sensitive_attributes": [],
          "private": "eyJlMmJmYjczMC1lY2FhLTExZTYtOGY4OC0zNDM2M2JjN2M0YzAiOnsiZGVsZXRlIjo2MDAwMDAwMDAwMDB9fQ=="
        }
      ]
    },
    {
      "mode": "managed",
      "type": "openstack_networking_network_v2",
      "name": "network_1",
      "provider": "provider[\"registry.terraform.io/terraform-provider-openstack/openstack\"]",
      "instances": [
        {
          "schema_version": 0,
          "attributes": {
            "admin_state_up": true,
            "all_tags": [],
            "availability_zone_hints": [],
            "description": "",
            "dns_domain": "",
            "external": false,
            "id": "f45de020-20f6-4aba-b651-42b293485e5a",
            "mtu": 1450,
            "name": "etrade-prod-network_1",
            "port_security_enabled": true,
            "qos_policy_id": "",
            "region": "RegionOne",
            "segments": [],
            "shared": false,
            "tags": [],
            "tenant_id": "d5432fcdbcf84e94b9a6bb7bb8f20aae",
            "timeouts": null,
            "transparent_vlan": false,
            "value_specs": null
          },
          "sensitive_attributes": [],
          "private": "eyJlMmJmYjczMC1lY2FhLTExZTYtOGY4OC0zNDM2M2JjN2M0YzAiOnsiY3JlYXRlIjo2MDAwMDAwMDAwMDAsImRlbGV0ZSI6NjAwMDAwMDAwMDAwfX0="
        }
      ]
    },
    {
      "mode": "managed",
      "type": "openstack_networking_port_v2",
      "name": "web_server_port",
      "provider": "provider[\"registry.terraform.io/terraform-provider-openstack/openstack\"]",
      "instances": [
        {
          "schema_version": 0,
          "attributes": {
            "admin_state_up": true,
            "all_fixed_ips": [
              "192.168.233.10"
            ],
            "all_security_group_ids": [
              "1a71ab43-a335-45b4-a160-a08e9607cf17",
              "5e4956b3-d4ed-40e3-8d91-fcd9908fbf8e"
            ],
            "all_tags": [],
            "allowed_address_pairs": [],
            "binding": [
              {
                "host_id": "",
                "profile": "null",
                "vif_details": {},
                "vif_type": "",
                "vnic_type": "normal"
              }
            ],
            "description": "",
            "device_id": "04f86300-6c67-4d6c-bbe8-a6e5f422474c",
            "device_owner": "compute:nova",
            "dns_assignment": [],
            "dns_name": "",
            "extra_dhcp_option": [],
            "fixed_ip": [
              {
                "ip_address": "192.168.233.10",
                "subnet_id": "4884cd9a-6144-42ef-8749-9d5a0134259b"
              }
            ],
            "id": "2d3716e9-2941-400c-ab66-2eddb0eb490f",
            "mac_address": "fa:16:3e:f3:b1:51",
            "name": "etrade-prod-web_server_port",
            "network_id": "f45de020-20f6-4aba-b651-42b293485e5a",
            "no_fixed_ip": null,
            "no_security_groups": null,
            "port_security_enabled": true,
            "qos_policy_id": "",
            "region": "RegionOne",
            "security_group_ids": [
              "1a71ab43-a335-45b4-a160-a08e9607cf17",
              "5e4956b3-d4ed-40e3-8d91-fcd9908fbf8e"
            ],
            "tags": [],
            "tenant_id": "d5432fcdbcf84e94b9a6bb7bb8f20aae",
            "timeouts": null,
            "value_specs": null
          },
          "sensitive_attributes": [],
          "private": "eyJlMmJmYjczMC1lY2FhLTExZTYtOGY4OC0zNDM2M2JjN2M0YzAiOnsiY3JlYXRlIjo2MDAwMDAwMDAwMDAsImRlbGV0ZSI6NjAwMDAwMDAwMDAwfX0=",
          "dependencies": [
            "openstack_compute_secgroup_v2.ssh",
            "openstack_compute_secgroup_v2.web",
            "openstack_networking_network_v2.network_1",
            "openstack_networking_subnet_v2.subnet_1"
          ]
        }
      ]
    },
    {
      "mode": "managed",
      "type": "openstack_networking_subnet_v2",
      "name": "subnet_1",
      "provider": "provider[\"registry.terraform.io/terraform-provider-openstack/openstack\"]",
      "instances": [
        {
          "schema_version": 0,
          "attributes": {
            "all_tags": [],
            "allocation_pool": [
              {
                "end": "192.168.233.254",
                "start": "192.168.233.2"
              }
            ],
            "allocation_pools": [
              {
                "end": "192.168.233.254",
                "start": "192.168.233.2"
              }
            ],
            "cidr": "192.168.233.0/24",
            "description": "",
            "dns_nameservers": [],
            "enable_dhcp": true,
            "gateway_ip": "192.168.233.1",
            "host_routes": [],
            "id": "4884cd9a-6144-42ef-8749-9d5a0134259b",
            "ip_version": 4,
            "ipv6_address_mode": "",
            "ipv6_ra_mode": "",
            "name": "etrade-prod-subnet_1",
            "network_id": "f45de020-20f6-4aba-b651-42b293485e5a",
            "no_gateway": false,
            "prefix_length": null,
            "region": "RegionOne",
            "subnetpool_id": "",
            "tags": [],
            "tenant_id": "d5432fcdbcf84e94b9a6bb7bb8f20aae",
            "timeouts": null,
            "value_specs": null
          },
          "sensitive_attributes": [],
          "private": "eyJlMmJmYjczMC1lY2FhLTExZTYtOGY4OC0zNDM2M2JjN2M0YzAiOnsiY3JlYXRlIjo2MDAwMDAwMDAwMDAsImRlbGV0ZSI6NjAwMDAwMDAwMDAwfX0=",
          "dependencies": [
            "openstack_networking_network_v2.network_1"
          ]
        }
      ]
    }
  ],
  "check_results": []
}
